name: Create package-lock

on:
  workflow_dispatch:

permissions:
  contents: write

jobs:
  create-package-lock:
    runs-on: ubuntu-latest

    steps:
      - name: Checkout repository
        uses: actions/checkout@v5

      - name: Set up Node.js
        uses: actions/setup-node@v5
        with:
          node-version: 24
          package-manager-cache: false

      - name: Generate package-lock.json
        run: npm install --package-lock-only --ignore-scripts --no-audit --no-fund

      - name: Commit package-lock.json
        run: |
          if [ -n "$(git status --porcelain package-lock.json)" ]; then
            git config user.name "github-actions[bot]"
            git config user.email "github-actions[bot]@users.noreply.github.com"
            git add package-lock.json
            git commit -m "Create package-lock.json [skip ci]"
            git push
          else
            echo "package-lock.json is already up to date."
          fi
